# This file is automatically @generated by Cargo.
# It is not intended for manual editing.
version = 3

[[package]]
name = "matrix-protos-rust"
version = "0.1.0"
dependencies = [
 "protobuf",
 "protobuf-codegen-pure",
]

[[package]]
name = "protobuf"
version = "2.25.1"
source = "registry+https://github.com/rust-lang/crates.io-index"
checksum = "23129d50f2c9355ced935fce8a08bd706ee2e7ce2b3b33bf61dace0e379ac63a"

[[package]]
name = "protobuf-codegen"
version = "2.25.1"
source = "registry+https://github.com/rust-lang/crates.io-index"
checksum = "4ba98ce0dadaa6de1e7f1b6d82a0a73b03e0c049169a167c919d906b0875026c"
dependencies = [
 "protobuf",
]

[[package]]
name = "protobuf-codegen-pure"
version = "2.25.1"
source = "registry+https://github.com/rust-lang/crates.io-index"
checksum = "a2bab16316ed0c5794a06c399af55a3ca7b93496cb35cb4c15bcc8f5d824f2b7"
dependencies = [
 "protobuf",
 "protobuf-codegen",
]
